
Microsoft Visual Studio Solution File, Format Version 12.00
# Visual Studio Express 2012 for Windows Desktop
Project("{FAE04EC0-301F-11D3-BF4B-00C04F79EFBC}") = "iPhoneのMOVファイルの日付変更", "iPhoneのMOVファイルの日付変更\iPhoneのMOVファイルの日付変更.csproj", "{250C0A1F-E281-4B4C-B940-6557C98405C6}"
EndProject
Global
	GlobalSection(SolutionConfigurationPlatforms) = preSolution
		Debug|Any CPU = Debug|Any CPU
		Release|Any CPU = Release|Any CPU
	EndGlobalSection
	GlobalSection(ProjectConfigurationPlatforms) = postSolution
		{250C0A1F-E281-4B4C-B940-6557C98405C6}.Debug|Any CPU.ActiveCfg = Debug|Any CPU
		{250C0A1F-E281-4B4C-B940-6557C98405C6}.Debug|Any CPU.Build.0 = Debug|Any CPU
		{250C0A1F-E281-4B4C-B940-6557C98405C6}.Release|Any CPU.ActiveCfg = Release|Any CPU
		{250C0A1F-E281-4B4C-B940-6557C98405C6}.Release|Any CPU.Build.0 = Release|Any CPU
	EndGlobalSection
	GlobalSection(SolutionProperties) = preSolution
		HideSolutionNode = FALSE
	EndGlobalSection
EndGlobal
